// !$*UTF8*$!
{
	archiveVersion = 1;
	classes = {
	};
	objectVersion = 46;
	objects = {

/* Begin PBXBuildFile section */
		76F571471EFD9BC900D8784E /* AppDelegate.swift in Sources */ = {isa = PBXBuildFile; fileRef = 76F571461EFD9BC900D8784E /* AppDelegate.swift */; };
		76F571491EFD9BC900D8784E /* ViewController.swift in Sources */ = {isa = PBXBuildFile; fileRef = 76F571481EFD9BC900D8784E /* ViewController.swift */; };
		76F5714C1EFD9BC900D8784E /* Main.storyboard in Resources */ = {isa = PBXBuildFile; fileRef = 76F5714A1EFD9BC900D8784E /* Main.storyboard */; };
		76F5714E1EFD9BC900D8784E /* Assets.xcassets in Resources */ = {isa = PBXBuildFile; fileRef = 76F5714D1EFD9BC900D8784E /* Assets.xcassets */; };
		76F571511EFD9BC900D8784E /* LaunchScreen.storyboard in Resources */ = {isa = PBXBuildFile; fileRef = 76F5714F1EFD9BC900D8784E /* LaunchScreen.storyboard */; };
		76F571591EFD9DAD00D8784E /* BaseDataSource.swift in Sources */ = {isa = PBXBuildFile; fileRef = 76F571581EFD9DAD00D8784E /* BaseDataSource.swift */; };
		76F5715B1EFDA0A800D8784E /* CustomTableViewCell.swift in Sources */ = {isa = PBXBuildFile; fileRef = 76F5715A1EFDA0A800D8784E /* CustomTableViewCell.swift */; };
		76F5715D1EFDA15400D8784E /* CustomCollectionViewCell.swift in Sources */ = {isa = PBXBuildFile; fileRef = 76F5715C1EFDA15400D8784E /* CustomCollectionViewCell.swift */; };
/* End PBXBuildFile section */

/* Begin PBXFileReference section */
		76F571431EFD9BC900D8784E /* CollectionViewInTableView.app */ = {isa = PBXFileReference; explicitFileType = wrapper.application; includeInIndex = 0; path = CollectionViewInTableView.app; sourceTree = BUILT_PRODUCTS_DIR; };
		76F571461EFD9BC900D8784E /* AppDelegate.swift */ = {isa = PBXFileReference; lastKnownFileType = sourcecode.swift; path = AppDelegate.swift; sourceTree = "<group>"; };
		76F571481EFD9BC900D8784E /* ViewController.swift */ = {isa = PBXFileReference; lastKnownFileType = sourcecode.swift; path = ViewController.swift; sourceTree = "<group>"; };
		76F5714B1EFD9BC900D8784E /* Base */ = {isa = PBXFileReference; lastKnownFileType = file.storyboard; name = Base; path = Base.lproj/Main.storyboard; sourceTree = "<group>"; };
		76F5714D1EFD9BC900D8784E /* Assets.xcassets */ = {isa = PBXFileReference; lastKnownFileType = folder.assetcatalog; path = Assets.xcassets; sourceTree = "<group>"; };
		76F571501EFD9BC900D8784E /* Base */ = {isa = PBXFileReference; lastKnownFileType = file.storyboard; name = Base; path = Base.lproj/LaunchScreen.storyboard; sourceTree = "<group>"; };
		76F571521EFD9BC900D8784E /* Info.plist */ = {isa = PBXFileReference; lastKnownFileType = text.plist.xml; path = Info.plist; sourceTree = "<group>"; };
		76F571581EFD9DAD00D8784E /* BaseDataSource.swift */ = {isa = PBXFileReference; fileEncoding = 4; lastKnownFileType = sourcecode.swift; path = BaseDataSource.swift; sourceTree = "<group>"; };
		76F5715A1EFDA0A800D8784E /* CustomTableViewCell.swift */ = {isa = PBXFileReference; fileEncoding = 4; lastKnownFileType = sourcecode.swift; path = CustomTableViewCell.swift; sourceTree = "<group>"; };
		76F5715C1EFDA15400D8784E /* CustomCollectionViewCell.swift */ = {isa = PBXFileReference; fileEncoding = 4; lastKnownFileType = sourcecode.swift; path = CustomCollectionViewCell.swift; sourceTree = "<group>"; };
/* End PBXFileReference section */

/* Begin PBXFrameworksBuildPhase section */
		76F571401EFD9BC900D8784E /* Frameworks */ = {
			isa = PBXFrameworksBuildPhase;
			buildActionMask = 2147483647;
			files = (
			);
			runOnlyForDeploymentPostprocessing = 0;
		};
/* End PBXFrameworksBuildPhase section */

/* Begin PBXGroup section */
		76F5713A1EFD9BC900D8784E = {
			isa = PBXGroup;
			children = (
				76F571451EFD9BC900D8784E /* CollectionViewInTableView */,
				76F571441EFD9BC900D8784E /* Products */,
			);
			sourceTree = "<group>";
		};
		76F571441EFD9BC900D8784E /* Products */ = {
			isa = PBXGroup;
			children = (
				76F571431EFD9BC900D8784E /* CollectionViewInTableView.app */,
			);
			name = Products;
			sourceTree = "<group>";
		};
		76F571451EFD9BC900D8784E /* CollectionViewInTableView */ = {
			isa = PBXGroup;
			children = (
				76F571461EFD9BC900D8784E /* AppDelegate.swift */,
				76F571481EFD9BC900D8784E /* ViewController.swift */,
				76F5714A1EFD9BC900D8784E /* Main.storyboard */,
				76F5714D1EFD9BC900D8784E /* Assets.xcassets */,
				76F5714F1EFD9BC900D8784E /* LaunchScreen.storyboard */,
				76F571521EFD9BC900D8784E /* Info.plist */,
				76F571581EFD9DAD00D8784E /* BaseDataSource.swift */,
				76F5715A1EFDA0A800D8784E /* CustomTableViewCell.swift */,
				76F5715C1EFDA15400D8784E /* CustomCollectionViewCell.swift */,
			);
			path = CollectionViewInTableView;
			sourceTree = "<group>";
		};
/* End PBXGroup section */

/* Begin PBXNativeTarget section */
		76F571421EFD9BC900D8784E /* CollectionViewInTableView */ = {
			isa = PBXNativeTarget;
			buildConfigurationList = 76F571551EFD9BC900D8784E /* Build configuration list for PBXNativeTarget "CollectionViewInTableView" */;
			buildPhases = (
				76F5713F1EFD9BC900D8784E /* Sources */,
				76F571401EFD9BC900D8784E /* Frameworks */,
				76F571411EFD9BC900D8784E /* Resources */,
			);
			buildRules = (
			);
			dependencies = (
			);
			name = CollectionViewInTableView;
			productName = CollectionViewInTableView;
			productReference = 76F571431EFD9BC900D8784E /* CollectionViewInTableView.app */;
			productType = "com.apple.product-type.application";
		};
/* End PBXNativeTarget section */

/* Begin PBXProject section */
		76F5713B1EFD9BC900D8784E /* Project object */ = {
			isa = PBXProject;
			attributes = {
				LastSwiftUpdateCheck = 0830;
				LastUpgradeCheck = 0830;
				ORGANIZATIONNAME = anoopm;
				TargetAttributes = {
					76F571421EFD9BC900D8784E = {
						CreatedOnToolsVersion = 8.3.2;
						DevelopmentTeam = 6UT7M6DT43;
						ProvisioningStyle = Automatic;
					};
				};
			};
			buildConfigurationList = 76F5713E1EFD9BC900D8784E /* Build configuration list for PBXProject "CollectionViewInTableView" */;
			compatibilityVersion = "Xcode 3.2";
			developmentRegion = English;
			hasScannedForEncodings = 0;
			knownRegions = (
				en,
				Base,
			);
			mainGroup = 76F5713A1EFD9BC900D8784E;
			productRefGroup = 76F571441EFD9BC900D8784E /* Products */;
			projectDirPath = "";
			projectRoot = "";
			targets = (
				76F571421EFD9BC900D8784E /* CollectionViewInTableView */,
			);
		};
/* End PBXProject section */

/* Begin PBXResourcesBuildPhase section */
		76F571411EFD9BC900D8784E /* Resources */ = {
			isa = PBXResourcesBuildPhase;
			buildActionMask = 2147483647;
			files = (
				76F571511EFD9BC900D8784E /* LaunchScreen.storyboard in Resources */,
				76F5714E1EFD9BC900D8784E /* Assets.xcassets in Resources */,
				76F5714C1EFD9BC900D8784E /* Main.storyboard in Resources */,
			);
			runOnlyForDeploymentPostprocessing = 0;
		};
/* End PBXResourcesBuildPhase section */

/* Begin PBXSourcesBuildPhase section */
		76F5713F1EFD9BC900D8784E /* Sources */ = {
			isa = PBXSourcesBuildPhase;
			buildActionMask = 2147483647;
			files = (
				76F571591EFD9DAD00D8784E /* BaseDataSource.swift in Sources */,
				76F5715D1EFDA15400D8784E /* CustomCollectionViewCell.swift in Sources */,
				76F571491EFD9BC900D8784E /* ViewController.swift in Sources */,
				76F5715B1EFDA0A800D8784E /* CustomTableViewCell.swift in Sources */,
				76F571471EFD9BC900D8784E /* AppDelegate.swift in Sources */,
			);
			runOnlyForDeploymentPostprocessing = 0;
		};
/* End PBXSourcesBuildPhase section */

/* Begin PBXVariantGroup section */
		76F5714A1EFD9BC900D8784E /* Main.storyboard */ = {
			isa = PBXVariantGroup;
			children = (
				76F5714B1EFD9BC900D8784E /* Base */,
			);
			name = Main.storyboard;
			sourceTree = "<group>";
		};
		76F5714F1EFD9BC900D8784E /* LaunchScreen.storyboard */ = {
			isa = PBXVariantGroup;
			children = (
				76F571501EFD9BC900D8784E /* Base */,
			);
			name = LaunchScreen.storyboard;
			sourceTree = "<group>";
		};
/* End PBXVariantGroup section */

/* Begin XCBuildConfiguration section */
		76F571531EFD9BC900D8784E /* Debug */ = {
			isa = XCBuildConfiguration;
			buildSettings = {
				ALWAYS_SEARCH_USER_PATHS = NO;
				CLANG_ANALYZER_NONNULL = YES;
				CLANG_ANALYZER_NUMBER_OBJECT_CONVERSION = YES_AGGRESSIVE;
				CLANG_CXX_LANGUAGE_STANDARD = "gnu++0x";
				CLANG_CXX_LIBRARY = "libc++";
				CLANG_ENABLE_MODULES = YES;
				CLANG_ENABLE_OBJC_ARC = YES;
				CLANG_WARN_BOOL_CONVERSION = YES;
				CLANG_WARN_CONSTANT_CONVERSION = YES;
				CLANG_WARN_DIRECT_OBJC_ISA_USAGE = YES_ERROR;
				CLANG_WARN_DOCUMENTATION_COMMENTS = YES;
				CLANG_WARN_EMPTY_BODY = YES;
				CLANG_WARN_ENUM_CONVERSION = YES;
				CLANG_WARN_INFINITE_RECURSION = YES;
				CLANG_WARN_INT_CONVERSION = YES;
				CLANG_WARN_OBJC_ROOT_CLASS = YES_ERROR;
				CLANG_WARN_SUSPICIOUS_MOVE = YES;
				CLANG_WARN_UNREACHABLE_CODE = YES;
				CLANG_WARN__DUPLICATE_METHOD_MATCH = YES;
				"CODE_SIGN_IDENTITY[sdk=iphoneos*]" = "iPhone Developer";
				COPY_PHASE_STRIP = NO;
				DEBUG_INFORMATION_FORMAT = dwarf;
				ENABLE_STRICT_OBJC_MSGSEND = YES;
				ENABLE_TESTABILITY = YES;
				GCC_C_LANGUAGE_STANDARD = gnu99;
				GCC_DYNAMIC_NO_PIC = NO;
				GCC_NO_COMMON_BLOCKS = YES;
				GCC_OPTIMIZATION_LEVEL = 0;
				GCC_PREPROCESSOR_DEFINITIONS = (
					"DEBUG=1",
					"$(inherited)",
				);
				GCC_WARN_64_TO_32_BIT_CONVERSION = YES;
				GCC_WARN_ABOUT_RETURN_TYPE = YES_ERROR;
				GCC_WARN_UNDECLARED_SELECTOR = YES;
				GCC_WARN_UNINITIALIZED_AUTOS = YES_AGGRESSIVE;
				GCC_WARN_UNUSED_FUNCTION = YES;
				GCC_WARN_UNUSED_VARIABLE = YES;
				IPHONEOS_DEPLOYMENT_TARGET = 10.3;
				MTL_ENABLE_DEBUG_INFO = YES;
				ONLY_ACTIVE_ARCH = YES;
				SDKROOT = iphoneos;
				SWIFT_ACTIVE_COMPILATION_CONDITIONS = DEBUG;
				SWIFT_OPTIMIZATION_LEVEL = "-Onone";
			};
			name = Debug;
		};
		76F571541EFD9BC900D8784E /* Release */ = {
			isa = XCBuildConfiguration;
			buildSettings = {
				ALWAYS_SEARCH_USER_PATHS = NO;
				CLANG_ANALYZER_NONNULL = YES;
				CLANG_ANALYZER_NUMBER_OBJECT_CONVERSION = YES_AGGRESSIVE;
				CLANG_CXX_LANGUAGE_STANDARD = "gnu++0x";
				CLANG_CXX_LIBRARY = "libc++";
				CLANG_ENABLE_MODULES = YES;
				CLANG_ENABLE_OBJC_ARC = YES;
				CLANG_WARN_BOOL_CONVERSION = YES;
				CLANG_WARN_CONSTANT_CONVERSION = YES;
				CLANG_WARN_DIRECT_OBJC_ISA_USAGE = YES_ERROR;
				CLANG_WARN_DOCUMENTATION_COMMENTS = YES;
				CLANG_WARN_EMPTY_BODY = YES;
				CLANG_WARN_ENUM_CONVERSION = YES;
				CLANG_WARN_INFINITE_RECURSION = YES;
				CLANG_WARN_INT_CONVERSION = YES;
				CLANG_WARN_OBJC_ROOT_CLASS = YES_ERROR;
				CLANG_WARN_SUSPICIOUS_MOVE = YES;
				CLANG_WARN_UNREACHABLE_CODE = YES;
				CLANG_WARN__DUPLICATE_METHOD_MATCH = YES;
				"CODE_SIGN_IDENTITY[sdk=iphoneos*]" = "iPhone Developer";
				COPY_PHASE_STRIP = NO;
				DEBUG_INFORMATION_FORMAT = "dwarf-with-dsym";
				ENABLE_NS_ASSERTIONS = NO;
				ENABLE_STRICT_OBJC_MSGSEND = YES;
				GCC_C_LANGUAGE_STANDARD = gnu99;
				GCC_NO_COMMON_BLOCKS = YES;
				GCC_WARN_64_TO_32_BIT_CONVERSION = YES;
				GCC_WARN_ABOUT_RETURN_TYPE = YES_ERROR;
				GCC_WARN_UNDECLARED_SELECTOR = YES;
				GCC_WARN_UNINITIALIZED_AUTOS = YES_AGGRESSIVE;
				GCC_WARN_UNUSED_FUNCTION = YES;
				GCC_WARN_UNUSED_VARIABLE = YES;
				IPHONEOS_DEPLOYMENT_TARGET = 10.3;
				MTL_ENABLE_DEBUG_INFO = NO;
				SDKROOT = iphoneos;
				SWIFT_OPTIMIZATION_LEVEL = "-Owholemodule";
				VALIDATE_PRODUCT = YES;
			};
			name = Release;
		};
		76F571561EFD9BC900D8784E /* Debug */ = {
			isa = XCBuildConfiguration;
			buildSettings = {
				ASSETCATALOG_COMPILER_APPICON_NAME = AppIcon;
				DEVELOPMENT_TEAM = 6UT7M6DT43;
				INFOPLIST_FILE = CollectionViewInTableView/Info.plist;
				LD_RUNPATH_SEARCH_PATHS = "$(inherited) @executable_path/Frameworks";
				PRODUCT_BUNDLE_IDENTIFIER = com.anoop.CollectionViewInTableView;
				PRODUCT_NAME = "$(TARGET_NAME)";
				SWIFT_VERSION = 3.0;
			};
			name = Debug;
		};
		76F571571EFD9BC900D8784E /* Release */ = {
			isa = XCBuildConfiguration;
			buildSettings = {
				ASSETCATALOG_COMPILER_APPICON_NAME = AppIcon;
				DEVELOPMENT_TEAM = 6UT7M6DT43;
				INFOPLIST_FILE = CollectionViewInTableView/Info.plist;
				LD_RUNPATH_SEARCH_PATHS = "$(inherited) @executable_path/Frameworks";
				PRODUCT_BUNDLE_IDENTIFIER = com.anoop.CollectionViewInTableView;
				PRODUCT_NAME = "$(TARGET_NAME)";
				SWIFT_VERSION = 3.0;
			};
			name = Release;
		};
/* End XCBuildConfiguration section */

/* Begin XCConfigurationList section */
		76F5713E1EFD9BC900D8784E /* Build configuration list for PBXProject "CollectionViewInTableView" */ = {
			isa = XCConfigurationList;
			buildConfigurations = (
				76F571531EFD9BC900D8784E /* Debug */,
				76F571541EFD9BC900D8784E /* Release */,
			);
			defaultConfigurationIsVisible = 0;
			defaultConfigurationName = Release;
		};
		76F571551EFD9BC900D8784E /* Build configuration list for PBXNativeTarget "CollectionViewInTableView" */ = {
			isa = XCConfigurationList;
			buildConfigurations = (
				76F571561EFD9BC900D8784E /* Debug */,
				76F571571EFD9BC900D8784E /* Release */,
			);
			defaultConfigurationIsVisible = 0;
			defaultConfigurationName = Release;
		};
/* End XCConfigurationList section */
	};
	rootObject = 76F5713B1EFD9BC900D8784E /* Project object */;
}
